// !$*UTF8*$!
{
	archiveVersion = 1;
	classes = {
	};
	objectVersion = 52;
	objects = {

/* Begin PBXBuildFile section */
		DC7683982719B4D70093CA7C /* AppDelegate.swift in Sources */ = {isa = PBXBuildFile; fileRef = DC7683972719B4D70093CA7C /* AppDelegate.swift */; };
		DC76839A2719B4D70093CA7C /* SceneDelegate.swift in Sources */ = {isa = PBXBuildFile; fileRef = DC7683992719B4D70093CA7C /* SceneDelegate.swift */; };
		DC76839C2719B4D70093CA7C /* ContentView.swift in Sources */ = {isa = PBXBuildFile; fileRef = DC76839B2719B4D70093CA7C /* ContentView.swift */; };
		DC76839F2719B4D70093CA7C /* DevelopWayApp.xcdatamodeld in Sources */ = {isa = PBXBuildFile; fileRef = DC76839D2719B4D70093CA7C /* DevelopWayApp.xcdatamodeld */; };
		DC7683A12719B4D80093CA7C /* Assets.xcassets in Resources */ = {isa = PBXBuildFile; fileRef = DC7683A02719B4D80093CA7C /* Assets.xcassets */; };
		DC7683A42719B4D80093CA7C /* Preview Assets.xcassets in Resources */ = {isa = PBXBuildFile; fileRef = DC7683A32719B4D80093CA7C /* Preview Assets.xcassets */; };
		DC7683A72719B4D80093CA7C /* LaunchScreen.storyboard in Resources */ = {isa = PBXBuildFile; fileRef = DC7683A52719B4D80093CA7C /* LaunchScreen.storyboard */; };
		DC7683B3271A8C440093CA7C /* CoreDataManager.swift in Sources */ = {isa = PBXBuildFile; fileRef = DC7683B2271A8C440093CA7C /* CoreDataManager.swift */; };
		DC7683B5271A8EDB0093CA7C /* CoreData + Extensions.swift in Sources */ = {isa = PBXBuildFile; fileRef = DC7683B4271A8EDB0093CA7C /* CoreData + Extensions.swift */; };
		DC7683B7271A8F810093CA7C /* RegisteredInfo.swift in Sources */ = {isa = PBXBuildFile; fileRef = DC7683B6271A8F810093CA7C /* RegisteredInfo.swift */; };
		DC7683BA271A91020093CA7C /* Gender.swift in Sources */ = {isa = PBXBuildFile; fileRef = DC7683B9271A91020093CA7C /* Gender.swift */; };
		DC7683C2271BF8710093CA7C /* HomeView.swift in Sources */ = {isa = PBXBuildFile; fileRef = DC7683C1271BF8710093CA7C /* HomeView.swift */; };
		DC7683C4271C902C0093CA7C /* ProfileView.swift in Sources */ = {isa = PBXBuildFile; fileRef = DC7683C3271C902C0093CA7C /* ProfileView.swift */; };
		DC7683C7271CA16F0093CA7C /* AppColors.swift in Sources */ = {isa = PBXBuildFile; fileRef = DC7683C6271CA16F0093CA7C /* AppColors.swift */; };
		DC7683CA271CAE6F0093CA7C /* TextFieldModifiers.swift in Sources */ = {isa = PBXBuildFile; fileRef = DC7683C9271CAE6F0093CA7C /* TextFieldModifiers.swift */; };
		DC7683CD271CAE8C0093CA7C /* ViewModifiers.swift in Sources */ = {isa = PBXBuildFile; fileRef = DC7683CC271CAE8C0093CA7C /* ViewModifiers.swift */; };
		DC7683D0271D504E0093CA7C /* View + Extensions.swift in Sources */ = {isa = PBXBuildFile; fileRef = DC7683CF271D504E0093CA7C /* View + Extensions.swift */; };
		DC7683D2271DA4B70093CA7C /* CreateAccountView.swift in Sources */ = {isa = PBXBuildFile; fileRef = DC7683D1271DA4B70093CA7C /* CreateAccountView.swift */; };
		DC7683D4271DF20B0093CA7C /* Dropdown.swift in Sources */ = {isa = PBXBuildFile; fileRef = DC7683D3271DF20B0093CA7C /* Dropdown.swift */; };
		DCB1E705271EF35800196BCD /* CreateAccountModel.swift in Sources */ = {isa = PBXBuildFile; fileRef = DCB1E704271EF35800196BCD /* CreateAccountModel.swift */; };
		DCB1E707271F570100196BCD /* PhotoPick.swift in Sources */ = {isa = PBXBuildFile; fileRef = DCB1E706271F570100196BCD /* PhotoPick.swift */; };
		DCB1E70C2723C82D00196BCD /* String + Extensions.swift in Sources */ = {isa = PBXBuildFile; fileRef = DCB1E70B2723C82D00196BCD /* String + Extensions.swift */; };
		DCB1E70E2723EBB600196BCD /* AlertView.swift in Sources */ = {isa = PBXBuildFile; fileRef = DCB1E70D2723EBB600196BCD /* AlertView.swift */; };
		DCB1E7102723F70800196BCD /* UINavigationController + Extensions.swift in Sources */ = {isa = PBXBuildFile; fileRef = DCB1E70F2723F70800196BCD /* UINavigationController + Extensions.swift */; };
		DCB1E713272ABAD800196BCD /* UserManager.swift in Sources */ = {isa = PBXBuildFile; fileRef = DCB1E712272ABAD800196BCD /* UserManager.swift */; };
		DCB1E715272B5B1600196BCD /* ProfileModel.swift in Sources */ = {isa = PBXBuildFile; fileRef = DCB1E714272B5B1600196BCD /* ProfileModel.swift */; };
		DCB1E719272BD71400196BCD /* Notifications + Extensions.swift in Sources */ = {isa = PBXBuildFile; fileRef = DCB1E718272BD71400196BCD /* Notifications + Extensions.swift */; };
		DCB1E71B272BD99000196BCD /* ContentViewModel.swift in Sources */ = {isa = PBXBuildFile; fileRef = DCB1E71A272BD99000196BCD /* ContentViewModel.swift */; };
		DCB1E71D272BDAA000196BCD /* UserState.swift in Sources */ = {isa = PBXBuildFile; fileRef = DCB1E71C272BDAA000196BCD /* UserState.swift */; };
		DCB1E71F272BE82000196BCD /* HomeViewModel.swift in Sources */ = {isa = PBXBuildFile; fileRef = DCB1E71E272BE82000196BCD /* HomeViewModel.swift */; };
		DCB1E742272C4CE400196BCD /* SwiftUICharts in Frameworks */ = {isa = PBXBuildFile; productRef = DCB1E741272C4CE400196BCD /* SwiftUICharts */; };
		DCB1E744272C7FD300196BCD /* SecureInputView.swift in Sources */ = {isa = PBXBuildFile; fileRef = DCB1E743272C7FD300196BCD /* SecureInputView.swift */; };
/* End PBXBuildFile section */

/* Begin PBXFileReference section */
		DC7683942719B4D70093CA7C /* DevelopWayApp.app */ = {isa = PBXFileReference; explicitFileType = wrapper.application; includeInIndex = 0; path = DevelopWayApp.app; sourceTree = BUILT_PRODUCTS_DIR; };
		DC7683972719B4D70093CA7C /* AppDelegate.swift */ = {isa = PBXFileReference; lastKnownFileType = sourcecode.swift; path = AppDelegate.swift; sourceTree = "<group>"; };
		DC7683992719B4D70093CA7C /* SceneDelegate.swift */ = {isa = PBXFileReference; lastKnownFileType = sourcecode.swift; path = SceneDelegate.swift; sourceTree = "<group>"; };
		DC76839B2719B4D70093CA7C /* ContentView.swift */ = {isa = PBXFileReference; lastKnownFileType = sourcecode.swift; path = ContentView.swift; sourceTree = "<group>"; };
		DC76839E2719B4D70093CA7C /* DevelopWayApp.xcdatamodel */ = {isa = PBXFileReference; lastKnownFileType = wrapper.xcdatamodel; path = DevelopWayApp.xcdatamodel; sourceTree = "<group>"; };
		DC7683A02719B4D80093CA7C /* Assets.xcassets */ = {isa = PBXFileReference; lastKnownFileType = folder.assetcatalog; path = Assets.xcassets; sourceTree = "<group>"; };
		DC7683A32719B4D80093CA7C /* Preview Assets.xcassets */ = {isa = PBXFileReference; lastKnownFileType = folder.assetcatalog; path = "Preview Assets.xcassets"; sourceTree = "<group>"; };
		DC7683A62719B4D80093CA7C /* Base */ = {isa = PBXFileReference; lastKnownFileType = file.storyboard; name = Base; path = Base.lproj/LaunchScreen.storyboard; sourceTree = "<group>"; };
		DC7683A82719B4D80093CA7C /* Info.plist */ = {isa = PBXFileReference; lastKnownFileType = text.plist.xml; path = Info.plist; sourceTree = "<group>"; };
		DC7683B2271A8C440093CA7C /* CoreDataManager.swift */ = {isa = PBXFileReference; lastKnownFileType = sourcecode.swift; path = CoreDataManager.swift; sourceTree = "<group>"; };
		DC7683B4271A8EDB0093CA7C /* CoreData + Extensions.swift */ = {isa = PBXFileReference; lastKnownFileType = sourcecode.swift; path = "CoreData + Extensions.swift"; sourceTree = "<group>"; };
		DC7683B6271A8F810093CA7C /* RegisteredInfo.swift */ = {isa = PBXFileReference; lastKnownFileType = sourcecode.swift; path = RegisteredInfo.swift; sourceTree = "<group>"; };
		DC7683B9271A91020093CA7C /* Gender.swift */ = {isa = PBXFileReference; lastKnownFileType = sourcecode.swift; path = Gender.swift; sourceTree = "<group>"; };
		DC7683C1271BF8710093CA7C /* HomeView.swift */ = {isa = PBXFileReference; lastKnownFileType = sourcecode.swift; path = HomeView.swift; sourceTree = "<group>"; };
		DC7683C3271C902C0093CA7C /* ProfileView.swift */ = {isa = PBXFileReference; lastKnownFileType = sourcecode.swift; path = ProfileView.swift; sourceTree = "<group>"; };
		DC7683C6271CA16F0093CA7C /* AppColors.swift */ = {isa = PBXFileReference; lastKnownFileType = sourcecode.swift; path = AppColors.swift; sourceTree = "<group>"; };
		DC7683C9271CAE6F0093CA7C /* TextFieldModifiers.swift */ = {isa = PBXFileReference; lastKnownFileType = sourcecode.swift; path = TextFieldModifiers.swift; sourceTree = "<group>"; };
		DC7683CC271CAE8C0093CA7C /* ViewModifiers.swift */ = {isa = PBXFileReference; lastKnownFileType = sourcecode.swift; path = ViewModifiers.swift; sourceTree = "<group>"; };
		DC7683CF271D504E0093CA7C /* View + Extensions.swift */ = {isa = PBXFileReference; lastKnownFileType = sourcecode.swift; path = "View + Extensions.swift"; sourceTree = "<group>"; };
		DC7683D1271DA4B70093CA7C /* CreateAccountView.swift */ = {isa = PBXFileReference; lastKnownFileType = sourcecode.swift; path = CreateAccountView.swift; sourceTree = "<group>"; };
		DC7683D3271DF20B0093CA7C /* Dropdown.swift */ = {isa = PBXFileReference; lastKnownFileType = sourcecode.swift; path = Dropdown.swift; sourceTree = "<group>"; };
		DCB1E704271EF35800196BCD /* CreateAccountModel.swift */ = {isa = PBXFileReference; lastKnownFileType = sourcecode.swift; path = CreateAccountModel.swift; sourceTree = "<group>"; };
		DCB1E706271F570100196BCD /* PhotoPick.swift */ = {isa = PBXFileReference; lastKnownFileType = sourcecode.swift; path = PhotoPick.swift; sourceTree = "<group>"; };
		DCB1E70B2723C82D00196BCD /* String + Extensions.swift */ = {isa = PBXFileReference; lastKnownFileType = sourcecode.swift; path = "String + Extensions.swift"; sourceTree = "<group>"; };
		DCB1E70D2723EBB600196BCD /* AlertView.swift */ = {isa = PBXFileReference; lastKnownFileType = sourcecode.swift; path = AlertView.swift; sourceTree = "<group>"; };
		DCB1E70F2723F70800196BCD /* UINavigationController + Extensions.swift */ = {isa = PBXFileReference; lastKnownFileType = sourcecode.swift; path = "UINavigationController + Extensions.swift"; sourceTree = "<group>"; };
		DCB1E712272ABAD800196BCD /* UserManager.swift */ = {isa = PBXFileReference; lastKnownFileType = sourcecode.swift; path = UserManager.swift; sourceTree = "<group>"; };
		DCB1E714272B5B1600196BCD /* ProfileModel.swift */ = {isa = PBXFileReference; lastKnownFileType = sourcecode.swift; path = ProfileModel.swift; sourceTree = "<group>"; };
		DCB1E718272BD71400196BCD /* Notifications + Extensions.swift */ = {isa = PBXFileReference; lastKnownFileType = sourcecode.swift; path = "Notifications + Extensions.swift"; sourceTree = "<group>"; };
		DCB1E71A272BD99000196BCD /* ContentViewModel.swift */ = {isa = PBXFileReference; lastKnownFileType = sourcecode.swift; path = ContentViewModel.swift; sourceTree = "<group>"; };
		DCB1E71C272BDAA000196BCD /* UserState.swift */ = {isa = PBXFileReference; lastKnownFileType = sourcecode.swift; path = UserState.swift; sourceTree = "<group>"; };
		DCB1E71E272BE82000196BCD /* HomeViewModel.swift */ = {isa = PBXFileReference; lastKnownFileType = sourcecode.swift; path = HomeViewModel.swift; sourceTree = "<group>"; };
		DCB1E743272C7FD300196BCD /* SecureInputView.swift */ = {isa = PBXFileReference; lastKnownFileType = sourcecode.swift; path = SecureInputView.swift; sourceTree = "<group>"; };
/* End PBXFileReference section */

/* Begin PBXFrameworksBuildPhase section */
		DC7683912719B4D70093CA7C /* Frameworks */ = {
			isa = PBXFrameworksBuildPhase;
			buildActionMask = 2147483647;
			files = (
				DCB1E742272C4CE400196BCD /* SwiftUICharts in Frameworks */,
			);
			runOnlyForDeploymentPostprocessing = 0;
		};
/* End PBXFrameworksBuildPhase section */

/* Begin PBXGroup section */
		DC76838B2719B4D70093CA7C = {
			isa = PBXGroup;
			children = (
				DC7683962719B4D70093CA7C /* DevelopWayApp */,
				DC7683952719B4D70093CA7C /* Products */,
			);
			sourceTree = "<group>";
		};
		DC7683952719B4D70093CA7C /* Products */ = {
			isa = PBXGroup;
			children = (
				DC7683942719B4D70093CA7C /* DevelopWayApp.app */,
			);
			name = Products;
			sourceTree = "<group>";
		};
		DC7683962719B4D70093CA7C /* DevelopWayApp */ = {
			isa = PBXGroup;
			children = (
				DC7683C5271CA15A0093CA7C /* Constants */,
				DC7683B8271A90E40093CA7C /* Enums */,
				DC7683B1271A8BF50093CA7C /* Managers */,
				DC7683B0271A8BEC0093CA7C /* Models */,
				DC7683AE271A8BC70093CA7C /* UI */,
				DC7683A82719B4D80093CA7C /* Info.plist */,
				DC76839D2719B4D70093CA7C /* DevelopWayApp.xcdatamodeld */,
				DC7683A22719B4D80093CA7C /* Preview Content */,
			);
			path = DevelopWayApp;
			sourceTree = "<group>";
		};
		DC7683A22719B4D80093CA7C /* Preview Content */ = {
			isa = PBXGroup;
			children = (
				DC7683A32719B4D80093CA7C /* Preview Assets.xcassets */,
			);
			path = "Preview Content";
			sourceTree = "<group>";
		};
		DC7683AE271A8BC70093CA7C /* UI */ = {
			isa = PBXGroup;
			children = (
				DC7683BC271A97030093CA7C /* Views */,
				DC7683BB271A96EE0093CA7C /* Support */,
			);
			path = UI;
			sourceTree = "<group>";
		};
		DC7683AF271A8BCF0093CA7C /* CoreData */ = {
			isa = PBXGroup;
			children = (
				DC7683B2271A8C440093CA7C /* CoreDataManager.swift */,
				DC7683B4271A8EDB0093CA7C /* CoreData + Extensions.swift */,
			);
			path = CoreData;
			sourceTree = "<group>";
		};
		DC7683B0271A8BEC0093CA7C /* Models */ = {
			isa = PBXGroup;
			children = (
				DC7683B6271A8F810093CA7C /* RegisteredInfo.swift */,
			);
			path = Models;
			sourceTree = "<group>";
		};
		DC7683B1271A8BF50093CA7C /* Managers */ = {
			isa = PBXGroup;
			children = (
				DCB1E711272ABAB000196BCD /* UserManager */,
				DC7683AF271A8BCF0093CA7C /* CoreData */,
			);
			path = Managers;
			sourceTree = "<group>";
		};
		DC7683B8271A90E40093CA7C /* Enums */ = {
			isa = PBXGroup;
			children = (
				DC7683B9271A91020093CA7C /* Gender.swift */,
				DCB1E71C272BDAA000196BCD /* UserState.swift */,
			);
			path = Enums;
			sourceTree = "<group>";
		};
		DC7683BB271A96EE0093CA7C /* Support */ = {
			isa = PBXGroup;
			children = (
				DCB1E70A2723C81600196BCD /* Extensions */,
				DC7683CE271D50390093CA7C /* SupportView */,
				DC7683C8271CAE0D0093CA7C /* ViewModifiers */,
				DC7683972719B4D70093CA7C /* AppDelegate.swift */,
				DC7683992719B4D70093CA7C /* SceneDelegate.swift */,
				DC7683A52719B4D80093CA7C /* LaunchScreen.storyboard */,
				DC7683A02719B4D80093CA7C /* Assets.xcassets */,
			);
			path = Support;
			sourceTree = "<group>";
		};
		DC7683BC271A97030093CA7C /* Views */ = {
			isa = PBXGroup;
			children = (
				DC7683C0271BF85A0093CA7C /* Profile */,
				DC7683BF271BF84D0093CA7C /* Registration */,
				DC7683BE271BF8470093CA7C /* Home */,
				DC7683BD271A97310093CA7C /* ContentView */,
			);
			path = Views;
			sourceTree = "<group>";
		};
		DC7683BD271A97310093CA7C /* ContentView */ = {
			isa = PBXGroup;
			children = (
				DC76839B2719B4D70093CA7C /* ContentView.swift */,
				DCB1E71A272BD99000196BCD /* ContentViewModel.swift */,
			);
			path = ContentView;
			sourceTree = "<group>";
		};
		DC7683BE271BF8470093CA7C /* Home */ = {
			isa = PBXGroup;
			children = (
				DC7683C1271BF8710093CA7C /* HomeView.swift */,
				DCB1E71E272BE82000196BCD /* HomeViewModel.swift */,
			);
			path = Home;
			sourceTree = "<group>";
		};
		DC7683BF271BF84D0093CA7C /* Registration */ = {
			isa = PBXGroup;
			children = (
				DC7683D1271DA4B70093CA7C /* CreateAccountView.swift */,
				DCB1E704271EF35800196BCD /* CreateAccountModel.swift */,
			);
			path = Registration;
			sourceTree = "<group>";
		};
		DC7683C0271BF85A0093CA7C /* Profile */ = {
			isa = PBXGroup;
			children = (
				DC7683C3271C902C0093CA7C /* ProfileView.swift */,
				DCB1E714272B5B1600196BCD /* ProfileModel.swift */,
			);
			path = Profile;
			sourceTree = "<group>";
		};
		DC7683C5271CA15A0093CA7C /* Constants */ = {
			isa = PBXGroup;
			children = (
				DC7683C6271CA16F0093CA7C /* AppColors.swift */,
			);
			path = Constants;
			sourceTree = "<group>";
		};
		DC7683C8271CAE0D0093CA7C /* ViewModifiers */ = {
			isa = PBXGroup;
			children = (
				DC7683C9271CAE6F0093CA7C /* TextFieldModifiers.swift */,
				DC7683CC271CAE8C0093CA7C /* ViewModifiers.swift */,
				DCB1E706271F570100196BCD /* PhotoPick.swift */,
			);
			path = ViewModifiers;
			sourceTree = "<group>";
		};
		DC7683CE271D50390093CA7C /* SupportView */ = {
			isa = PBXGroup;
			children = (
				DC7683D3271DF20B0093CA7C /* Dropdown.swift */,
				DCB1E70D2723EBB600196BCD /* AlertView.swift */,
				DCB1E743272C7FD300196BCD /* SecureInputView.swift */,
			);
			path = SupportView;
			sourceTree = "<group>";
		};
		DCB1E70A2723C81600196BCD /* Extensions */ = {
			isa = PBXGroup;
			children = (
				DC7683CF271D504E0093CA7C /* View + Extensions.swift */,
				DCB1E70B2723C82D00196BCD /* String + Extensions.swift */,
				DCB1E70F2723F70800196BCD /* UINavigationController + Extensions.swift */,
				DCB1E718272BD71400196BCD /* Notifications + Extensions.swift */,
			);
			path = Extensions;
			sourceTree = "<group>";
		};
		DCB1E711272ABAB000196BCD /* UserManager */ = {
			isa = PBXGroup;
			children = (
				DCB1E712272ABAD800196BCD /* UserManager.swift */,
			);
			path = UserManager;
			sourceTree = "<group>";
		};
/* End PBXGroup section */

/* Begin PBXNativeTarget section */
		DC7683932719B4D70093CA7C /* DevelopWayApp */ = {
			isa = PBXNativeTarget;
			buildConfigurationList = DC7683AB2719B4D80093CA7C /* Build configuration list for PBXNativeTarget "DevelopWayApp" */;
			buildPhases = (
				DC7683902719B4D70093CA7C /* Sources */,
				DC7683912719B4D70093CA7C /* Frameworks */,
				DC7683922719B4D70093CA7C /* Resources */,
			);
			buildRules = (
			);
			dependencies = (
			);
			name = DevelopWayApp;
			packageProductDependencies = (
				DCB1E741272C4CE400196BCD /* SwiftUICharts */,
			);
			productName = DevelopWayApp;
			productReference = DC7683942719B4D70093CA7C /* DevelopWayApp.app */;
			productType = "com.apple.product-type.application";
		};
/* End PBXNativeTarget section */

/* Begin PBXProject section */
		DC76838C2719B4D70093CA7C /* Project object */ = {
			isa = PBXProject;
			attributes = {
				LastSwiftUpdateCheck = 1250;
				LastUpgradeCheck = 1250;
				TargetAttributes = {
					DC7683932719B4D70093CA7C = {
						CreatedOnToolsVersion = 12.5.1;
					};
				};
			};
			buildConfigurationList = DC76838F2719B4D70093CA7C /* Build configuration list for PBXProject "DevelopWayApp" */;
			compatibilityVersion = "Xcode 9.3";
			developmentRegion = en;
			hasScannedForEncodings = 0;
			knownRegions = (
				en,
				Base,
			);
			mainGroup = DC76838B2719B4D70093CA7C;
			packageReferences = (
				DCB1E740272C4CE400196BCD /* XCRemoteSwiftPackageReference "SwiftUICharts" */,
			);
			productRefGroup = DC7683952719B4D70093CA7C /* Products */;
			projectDirPath = "";
			projectRoot = "";
			targets = (
				DC7683932719B4D70093CA7C /* DevelopWayApp */,
			);
		};
/* End PBXProject section */

/* Begin PBXResourcesBuildPhase section */
		DC7683922719B4D70093CA7C /* Resources */ = {
			isa = PBXResourcesBuildPhase;
			buildActionMask = 2147483647;
			files = (
				DC7683A72719B4D80093CA7C /* LaunchScreen.storyboard in Resources */,
				DC7683A42719B4D80093CA7C /* Preview Assets.xcassets in Resources */,
				DC7683A12719B4D80093CA7C /* Assets.xcassets in Resources */,
			);
			runOnlyForDeploymentPostprocessing = 0;
		};
/* End PBXResourcesBuildPhase section */

/* Begin PBXSourcesBuildPhase section */
		DC7683902719B4D70093CA7C /* Sources */ = {
			isa = PBXSourcesBuildPhase;
			buildActionMask = 2147483647;
			files = (
				DC7683C2271BF8710093CA7C /* HomeView.swift in Sources */,
				DC7683B5271A8EDB0093CA7C /* CoreData + Extensions.swift in Sources */,
				DC7683C4271C902C0093CA7C /* ProfileView.swift in Sources */,
				DC7683982719B4D70093CA7C /* AppDelegate.swift in Sources */,
				DC7683C7271CA16F0093CA7C /* AppColors.swift in Sources */,
				DC7683B7271A8F810093CA7C /* RegisteredInfo.swift in Sources */,
				DC7683D4271DF20B0093CA7C /* Dropdown.swift in Sources */,
				DC7683CA271CAE6F0093CA7C /* TextFieldModifiers.swift in Sources */,
				DCB1E719272BD71400196BCD /* Notifications + Extensions.swift in Sources */,
				DCB1E71B272BD99000196BCD /* ContentViewModel.swift in Sources */,
				DCB1E744272C7FD300196BCD /* SecureInputView.swift in Sources */,
				DCB1E71F272BE82000196BCD /* HomeViewModel.swift in Sources */,
				DC76839A2719B4D70093CA7C /* SceneDelegate.swift in Sources */,
				DCB1E707271F570100196BCD /* PhotoPick.swift in Sources */,
				DCB1E71D272BDAA000196BCD /* UserState.swift in Sources */,
				DC7683D0271D504E0093CA7C /* View + Extensions.swift in Sources */,
				DC7683D2271DA4B70093CA7C /* CreateAccountView.swift in Sources */,
				DCB1E705271EF35800196BCD /* CreateAccountModel.swift in Sources */,
				DCB1E70E2723EBB600196BCD /* AlertView.swift in Sources */,
				DCB1E7102723F70800196BCD /* UINavigationController + Extensions.swift in Sources */,
				DC7683BA271A91020093CA7C /* Gender.swift in Sources */,
				DC76839C2719B4D70093CA7C /* ContentView.swift in Sources */,
				DC7683CD271CAE8C0093CA7C /* ViewModifiers.swift in Sources */,
				DCB1E70C2723C82D00196BCD /* String + Extensions.swift in Sources */,
				DCB1E715272B5B1600196BCD /* ProfileModel.swift in Sources */,
				DC7683B3271A8C440093CA7C /* CoreDataManager.swift in Sources */,
				DCB1E713272ABAD800196BCD /* UserManager.swift in Sources */,
				DC76839F2719B4D70093CA7C /* DevelopWayApp.xcdatamodeld in Sources */,
			);
			runOnlyForDeploymentPostprocessing = 0;
		};
/* End PBXSourcesBuildPhase section */

/* Begin PBXVariantGroup section */
		DC7683A52719B4D80093CA7C /* LaunchScreen.storyboard */ = {
			isa = PBXVariantGroup;
			children = (
				DC7683A62719B4D80093CA7C /* Base */,
			);
			name = LaunchScreen.storyboard;
			sourceTree = "<group>";
		};
/* End PBXVariantGroup section */

/* Begin XCBuildConfiguration section */
		DC7683A92719B4D80093CA7C /* Debug */ = {
			isa = XCBuildConfiguration;
			buildSettings = {
				ALWAYS_SEARCH_USER_PATHS = NO;
				CLANG_ANALYZER_NONNULL = YES;
				CLANG_ANALYZER_NUMBER_OBJECT_CONVERSION = YES_AGGRESSIVE;
				CLANG_CXX_LANGUAGE_STANDARD = "gnu++14";
				CLANG_CXX_LIBRARY = "libc++";
				CLANG_ENABLE_MODULES = YES;
				CLANG_ENABLE_OBJC_ARC = YES;
				CLANG_ENABLE_OBJC_WEAK = YES;
				CLANG_WARN_BLOCK_CAPTURE_AUTORELEASING = YES;
				CLANG_WARN_BOOL_CONVERSION = YES;
				CLANG_WARN_COMMA = YES;
				CLANG_WARN_CONSTANT_CONVERSION = YES;
				CLANG_WARN_DEPRECATED_OBJC_IMPLEMENTATIONS = YES;
				CLANG_WARN_DIRECT_OBJC_ISA_USAGE = YES_ERROR;
				CLANG_WARN_DOCUMENTATION_COMMENTS = YES;
				CLANG_WARN_EMPTY_BODY = YES;
				CLANG_WARN_ENUM_CONVERSION = YES;
				CLANG_WARN_INFINITE_RECURSION = YES;
				CLANG_WARN_INT_CONVERSION = YES;
				CLANG_WARN_NON_LITERAL_NULL_CONVERSION = YES;
				CLANG_WARN_OBJC_IMPLICIT_RETAIN_SELF = YES;
				CLANG_WARN_OBJC_LITERAL_CONVERSION = YES;
				CLANG_WARN_OBJC_ROOT_CLASS = YES_ERROR;
				CLANG_WARN_QUOTED_INCLUDE_IN_FRAMEWORK_HEADER = YES;
				CLANG_WARN_RANGE_LOOP_ANALYSIS = YES;
				CLANG_WARN_STRICT_PROTOTYPES = YES;
				CLANG_WARN_SUSPICIOUS_MOVE = YES;
				CLANG_WARN_UNGUARDED_AVAILABILITY = YES_AGGRESSIVE;
				CLANG_WARN_UNREACHABLE_CODE = YES;
				CLANG_WARN__DUPLICATE_METHOD_MATCH = YES;
				COPY_PHASE_STRIP = NO;
				DEBUG_INFORMATION_FORMAT = dwarf;
				ENABLE_STRICT_OBJC_MSGSEND = YES;
				ENABLE_TESTABILITY = YES;
				GCC_C_LANGUAGE_STANDARD = gnu11;
				GCC_DYNAMIC_NO_PIC = NO;
				GCC_NO_COMMON_BLOCKS = YES;
				GCC_OPTIMIZATION_LEVEL = 0;
				GCC_PREPROCESSOR_DEFINITIONS = (
					"DEBUG=1",
					"$(inherited)",
				);
				GCC_WARN_64_TO_32_BIT_CONVERSION = YES;
				GCC_WARN_ABOUT_RETURN_TYPE = YES_ERROR;
				GCC_WARN_UNDECLARED_SELECTOR = YES;
				GCC_WARN_UNINITIALIZED_AUTOS = YES_AGGRESSIVE;
				GCC_WARN_UNUSED_FUNCTION = YES;
				GCC_WARN_UNUSED_VARIABLE = YES;
				IPHONEOS_DEPLOYMENT_TARGET = 14.5;
				MTL_ENABLE_DEBUG_INFO = INCLUDE_SOURCE;
				MTL_FAST_MATH = YES;
				ONLY_ACTIVE_ARCH = YES;
				SDKROOT = iphoneos;
				SWIFT_ACTIVE_COMPILATION_CONDITIONS = DEBUG;
				SWIFT_OPTIMIZATION_LEVEL = "-Onone";
			};
			name = Debug;
		};
		DC7683AA2719B4D80093CA7C /* Release */ = {
			isa = XCBuildConfiguration;
			buildSettings = {
				ALWAYS_SEARCH_USER_PATHS = NO;
				CLANG_ANALYZER_NONNULL = YES;
				CLANG_ANALYZER_NUMBER_OBJECT_CONVERSION = YES_AGGRESSIVE;
				CLANG_CXX_LANGUAGE_STANDARD = "gnu++14";
				CLANG_CXX_LIBRARY = "libc++";
				CLANG_ENABLE_MODULES = YES;
				CLANG_ENABLE_OBJC_ARC = YES;
				CLANG_ENABLE_OBJC_WEAK = YES;
				CLANG_WARN_BLOCK_CAPTURE_AUTORELEASING = YES;
				CLANG_WARN_BOOL_CONVERSION = YES;
				CLANG_WARN_COMMA = YES;
				CLANG_WARN_CONSTANT_CONVERSION = YES;
				CLANG_WARN_DEPRECATED_OBJC_IMPLEMENTATIONS = YES;
				CLANG_WARN_DIRECT_OBJC_ISA_USAGE = YES_ERROR;
				CLANG_WARN_DOCUMENTATION_COMMENTS = YES;
				CLANG_WARN_EMPTY_BODY = YES;
				CLANG_WARN_ENUM_CONVERSION = YES;
				CLANG_WARN_INFINITE_RECURSION = YES;
				CLANG_WARN_INT_CONVERSION = YES;
				CLANG_WARN_NON_LITERAL_NULL_CONVERSION = YES;
				CLANG_WARN_OBJC_IMPLICIT_RETAIN_SELF = YES;
				CLANG_WARN_OBJC_LITERAL_CONVERSION = YES;
				CLANG_WARN_OBJC_ROOT_CLASS = YES_ERROR;
				CLANG_WARN_QUOTED_INCLUDE_IN_FRAMEWORK_HEADER = YES;
				CLANG_WARN_RANGE_LOOP_ANALYSIS = YES;
				CLANG_WARN_STRICT_PROTOTYPES = YES;
				CLANG_WARN_SUSPICIOUS_MOVE = YES;
				CLANG_WARN_UNGUARDED_AVAILABILITY = YES_AGGRESSIVE;
				CLANG_WARN_UNREACHABLE_CODE = YES;
				CLANG_WARN__DUPLICATE_METHOD_MATCH = YES;
				COPY_PHASE_STRIP = NO;
				DEBUG_INFORMATION_FORMAT = "dwarf-with-dsym";
				ENABLE_NS_ASSERTIONS = NO;
				ENABLE_STRICT_OBJC_MSGSEND = YES;
				GCC_C_LANGUAGE_STANDARD = gnu11;
				GCC_NO_COMMON_BLOCKS = YES;
				GCC_WARN_64_TO_32_BIT_CONVERSION = YES;
				GCC_WARN_ABOUT_RETURN_TYPE = YES_ERROR;
				GCC_WARN_UNDECLARED_SELECTOR = YES;
				GCC_WARN_UNINITIALIZED_AUTOS = YES_AGGRESSIVE;
				GCC_WARN_UNUSED_FUNCTION = YES;
				GCC_WARN_UNUSED_VARIABLE = YES;
				IPHONEOS_DEPLOYMENT_TARGET = 14.5;
				MTL_ENABLE_DEBUG_INFO = NO;
				MTL_FAST_MATH = YES;
				SDKROOT = iphoneos;
				SWIFT_COMPILATION_MODE = wholemodule;
				SWIFT_OPTIMIZATION_LEVEL = "-O";
				VALIDATE_PRODUCT = YES;
			};
			name = Release;
		};
		DC7683AC2719B4D80093CA7C /* Debug */ = {
			isa = XCBuildConfiguration;
			buildSettings = {
				ASSETCATALOG_COMPILER_APPICON_NAME = AppIcon;
				ASSETCATALOG_COMPILER_GLOBAL_ACCENT_COLOR_NAME = AccentColor;
				CODE_SIGN_STYLE = Automatic;
				DEVELOPMENT_ASSET_PATHS = "\"DevelopWayApp/Preview Content\"";
				ENABLE_PREVIEWS = YES;
				INFOPLIST_FILE = DevelopWayApp/Info.plist;
				LD_RUNPATH_SEARCH_PATHS = (
					"$(inherited)",
					"@executable_path/Frameworks",
				);
				PRODUCT_BUNDLE_IDENTIFIER = "diana-py.DevelopWayApp";
				PRODUCT_NAME = "$(TARGET_NAME)";
				SWIFT_VERSION = 5.0;
				TARGETED_DEVICE_FAMILY = "1,2";
			};
			name = Debug;
		};
		DC7683AD2719B4D80093CA7C /* Release */ = {
			isa = XCBuildConfiguration;
			buildSettings = {
				ASSETCATALOG_COMPILER_APPICON_NAME = AppIcon;
				ASSETCATALOG_COMPILER_GLOBAL_ACCENT_COLOR_NAME = AccentColor;
				CODE_SIGN_STYLE = Automatic;
				DEVELOPMENT_ASSET_PATHS = "\"DevelopWayApp/Preview Content\"";
				ENABLE_PREVIEWS = YES;
				INFOPLIST_FILE = DevelopWayApp/Info.plist;
				LD_RUNPATH_SEARCH_PATHS = (
					"$(inherited)",
					"@executable_path/Frameworks",
				);
				PRODUCT_BUNDLE_IDENTIFIER = "diana-py.DevelopWayApp";
				PRODUCT_NAME = "$(TARGET_NAME)";
				SWIFT_VERSION = 5.0;
				TARGETED_DEVICE_FAMILY = "1,2";
			};
			name = Release;
		};
/* End XCBuildConfiguration section */

/* Begin XCConfigurationList section */
		DC76838F2719B4D70093CA7C /* Build configuration list for PBXProject "DevelopWayApp" */ = {
			isa = XCConfigurationList;
			buildConfigurations = (
				DC7683A92719B4D80093CA7C /* Debug */,
				DC7683AA2719B4D80093CA7C /* Release */,
			);
			defaultConfigurationIsVisible = 0;
			defaultConfigurationName = Release;
		};
		DC7683AB2719B4D80093CA7C /* Build configuration list for PBXNativeTarget "DevelopWayApp" */ = {
			isa = XCConfigurationList;
			buildConfigurations = (
				DC7683AC2719B4D80093CA7C /* Debug */,
				DC7683AD2719B4D80093CA7C /* Release */,
			);
			defaultConfigurationIsVisible = 0;
			defaultConfigurationName = Release;
		};
/* End XCConfigurationList section */

/* Begin XCRemoteSwiftPackageReference section */
		DCB1E740272C4CE400196BCD /* XCRemoteSwiftPackageReference "SwiftUICharts" */ = {
			isa = XCRemoteSwiftPackageReference;
			repositoryURL = "https://github.com/willdale/SwiftUICharts.git";
			requirement = {
				kind = upToNextMajorVersion;
				minimumVersion = 2.9.3;
			};
		};
/* End XCRemoteSwiftPackageReference section */

/* Begin XCSwiftPackageProductDependency section */
		DCB1E741272C4CE400196BCD /* SwiftUICharts */ = {
			isa = XCSwiftPackageProductDependency;
			package = DCB1E740272C4CE400196BCD /* XCRemoteSwiftPackageReference "SwiftUICharts" */;
			productName = SwiftUICharts;
		};
/* End XCSwiftPackageProductDependency section */

/* Begin XCVersionGroup section */
		DC76839D2719B4D70093CA7C /* DevelopWayApp.xcdatamodeld */ = {
			isa = XCVersionGroup;
			children = (
				DC76839E2719B4D70093CA7C /* DevelopWayApp.xcdatamodel */,
			);
			currentVersion = DC76839E2719B4D70093CA7C /* DevelopWayApp.xcdatamodel */;
			path = DevelopWayApp.xcdatamodeld;
			sourceTree = "<group>";
			versionGroupType = wrapper.xcdatamodel;
		};
/* End XCVersionGroup section */
	};
	rootObject = DC76838C2719B4D70093CA7C /* Project object */;
}
